
Microsoft Visual Studio Solution File, Format Version 12.00
# Visual Studio Version 16
VisualStudioVersion = 16.0.30804.86
MinimumVisualStudioVersion = 10.0.40219.1
Project("{FAE04EC0-301F-11D3-BF4B-00C04F79EFBC}") = "Oop2", "Oop2\Oop2.csproj", "{F8B0F736-C52D-44D5-91F1-0952107F7CB9}"
EndProject
Project("{FAE04EC0-301F-11D3-BF4B-00C04F79EFBC}") = "Oop3", "Oop3\Oop3.csproj", "{6D530A2F-73E9-4C1B-8DDF-DE33569FB2D4}"
EndProject
Global
	GlobalSection(SolutionConfigurationPlatforms) = preSolution
		Debug|Any CPU = Debug|Any CPU
		Release|Any CPU = Release|Any CPU
	EndGlobalSection
	GlobalSection(ProjectConfigurationPlatforms) = postSolution
		{F8B0F736-C52D-44D5-91F1-0952107F7CB9}.Debug|Any CPU.ActiveCfg = Debug|Any CPU
		{F8B0F736-C52D-44D5-91F1-0952107F7CB9}.Debug|Any CPU.Build.0 = Debug|Any CPU
		{F8B0F736-C52D-44D5-91F1-0952107F7CB9}.Release|Any CPU.ActiveCfg = Release|Any CPU
		{F8B0F736-C52D-44D5-91F1-0952107F7CB9}.Release|Any CPU.Build.0 = Release|Any CPU
		{6D530A2F-73E9-4C1B-8DDF-DE33569FB2D4}.Debug|Any CPU.ActiveCfg = Debug|Any CPU
		{6D530A2F-73E9-4C1B-8DDF-DE33569FB2D4}.Debug|Any CPU.Build.0 = Debug|Any CPU
		{6D530A2F-73E9-4C1B-8DDF-DE33569FB2D4}.Release|Any CPU.ActiveCfg = Release|Any CPU
		{6D530A2F-73E9-4C1B-8DDF-DE33569FB2D4}.Release|Any CPU.Build.0 = Release|Any CPU
	EndGlobalSection
	GlobalSection(SolutionProperties) = preSolution
		HideSolutionNode = FALSE
	EndGlobalSection
	GlobalSection(ExtensibilityGlobals) = postSolution
		SolutionGuid = {341074F1-50C9-43D1-B07C-0B94844206C8}
	EndGlobalSection
EndGlobal
